// !$*UTF8*$!
{
	archiveVersion = 1;
	classes = {
	};
	objectVersion = 56;
	objects = {

/* Begin PBXBuildFile section */
		457586422CBEF126006F5207 /* fbi_testApp.swift in Sources */ = {isa = PBXBuildFile; fileRef = 457586412CBEF126006F5207 /* fbi_testApp.swift */; };
		457586442CBEF126006F5207 /* ContentView.swift in Sources */ = {isa = PBXBuildFile; fileRef = 457586432CBEF126006F5207 /* ContentView.swift */; };
		457586462CBEF12A006F5207 /* Assets.xcassets in Resources */ = {isa = PBXBuildFile; fileRef = 457586452CBEF12A006F5207 /* Assets.xcassets */; };
		457586492CBEF12A006F5207 /* Preview Assets.xcassets in Resources */ = {isa = PBXBuildFile; fileRef = 457586482CBEF12A006F5207 /* Preview Assets.xcassets */; };
		4598658E2CBEF40600956D0D /* WantedListView.swift in Sources */ = {isa = PBXBuildFile; fileRef = 4598658D2CBEF40600956D0D /* WantedListView.swift */; };
		459865902CBEF46600956D0D /* WantedPersonCardView.swift in Sources */ = {isa = PBXBuildFile; fileRef = 4598658F2CBEF46600956D0D /* WantedPersonCardView.swift */; };
		459865922CBEF65F00956D0D /* WantedListViewModel.swift in Sources */ = {isa = PBXBuildFile; fileRef = 459865912CBEF65F00956D0D /* WantedListViewModel.swift */; };
		459865952CBEF74C00956D0D /* WantedListResponse.swift in Sources */ = {isa = PBXBuildFile; fileRef = 459865942CBEF74C00956D0D /* WantedListResponse.swift */; };
		4598659A2CBEF94900956D0D /* HTTPClient.swift in Sources */ = {isa = PBXBuildFile; fileRef = 459865992CBEF94900956D0D /* HTTPClient.swift */; };
		4598659D2CBEFB3500956D0D /* WantedPersonDomain.swift in Sources */ = {isa = PBXBuildFile; fileRef = 4598659C2CBEFB3500956D0D /* WantedPersonDomain.swift */; };
		459865A22CBF8EF400956D0D /* FBIWantedPersonRepository.swift in Sources */ = {isa = PBXBuildFile; fileRef = 459865A12CBF8EF400956D0D /* FBIWantedPersonRepository.swift */; };
		459865A42CBF8F8500956D0D /* WantedListResponse+Mapper.swift in Sources */ = {isa = PBXBuildFile; fileRef = 459865A32CBF8F8500956D0D /* WantedListResponse+Mapper.swift */; };
		459865A62CBF93C300956D0D /* FBIWantedPersonUseCase.swift in Sources */ = {isa = PBXBuildFile; fileRef = 459865A52CBF93C300956D0D /* FBIWantedPersonUseCase.swift */; };
		459865AB2CC015BB00956D0D /* ImageCacheManager.swift in Sources */ = {isa = PBXBuildFile; fileRef = 459865AA2CC015BB00956D0D /* ImageCacheManager.swift */; };
		459865AF2CC0160000956D0D /* ImageView.swift in Sources */ = {isa = PBXBuildFile; fileRef = 459865AE2CC0160000956D0D /* ImageView.swift */; };
		459865B32CC0265900956D0D /* AppLocalized.swift in Sources */ = {isa = PBXBuildFile; fileRef = 459865B22CC0265900956D0D /* AppLocalized.swift */; };
		459865B52CC0274400956D0D /* ProgressViewIndicator.swift in Sources */ = {isa = PBXBuildFile; fileRef = 459865B42CC0274400956D0D /* ProgressViewIndicator.swift */; };
		459865B82CC029DD00956D0D /* WantedListConstants.swift in Sources */ = {isa = PBXBuildFile; fileRef = 459865B72CC029DD00956D0D /* WantedListConstants.swift */; };
/* End PBXBuildFile section */

/* Begin PBXFileReference section */
		4575863E2CBEF126006F5207 /* fbi-test.app */ = {isa = PBXFileReference; explicitFileType = wrapper.application; includeInIndex = 0; path = "fbi-test.app"; sourceTree = BUILT_PRODUCTS_DIR; };
		457586412CBEF126006F5207 /* fbi_testApp.swift */ = {isa = PBXFileReference; lastKnownFileType = sourcecode.swift; path = fbi_testApp.swift; sourceTree = "<group>"; };
		457586432CBEF126006F5207 /* ContentView.swift */ = {isa = PBXFileReference; lastKnownFileType = sourcecode.swift; path = ContentView.swift; sourceTree = "<group>"; };
		457586452CBEF12A006F5207 /* Assets.xcassets */ = {isa = PBXFileReference; lastKnownFileType = folder.assetcatalog; path = Assets.xcassets; sourceTree = "<group>"; };
		457586482CBEF12A006F5207 /* Preview Assets.xcassets */ = {isa = PBXFileReference; lastKnownFileType = folder.assetcatalog; path = "Preview Assets.xcassets"; sourceTree = "<group>"; };
		4598658D2CBEF40600956D0D /* WantedListView.swift */ = {isa = PBXFileReference; lastKnownFileType = sourcecode.swift; path = WantedListView.swift; sourceTree = "<group>"; };
		4598658F2CBEF46600956D0D /* WantedPersonCardView.swift */ = {isa = PBXFileReference; lastKnownFileType = sourcecode.swift; path = WantedPersonCardView.swift; sourceTree = "<group>"; };
		459865912CBEF65F00956D0D /* WantedListViewModel.swift */ = {isa = PBXFileReference; lastKnownFileType = sourcecode.swift; path = WantedListViewModel.swift; sourceTree = "<group>"; };
		459865942CBEF74C00956D0D /* WantedListResponse.swift */ = {isa = PBXFileReference; lastKnownFileType = sourcecode.swift; path = WantedListResponse.swift; sourceTree = "<group>"; };
		459865992CBEF94900956D0D /* HTTPClient.swift */ = {isa = PBXFileReference; lastKnownFileType = sourcecode.swift; path = HTTPClient.swift; sourceTree = "<group>"; };
		4598659C2CBEFB3500956D0D /* WantedPersonDomain.swift */ = {isa = PBXFileReference; lastKnownFileType = sourcecode.swift; path = WantedPersonDomain.swift; sourceTree = "<group>"; };
		459865A12CBF8EF400956D0D /* FBIWantedPersonRepository.swift */ = {isa = PBXFileReference; lastKnownFileType = sourcecode.swift; path = FBIWantedPersonRepository.swift; sourceTree = "<group>"; };
		459865A32CBF8F8500956D0D /* WantedListResponse+Mapper.swift */ = {isa = PBXFileReference; lastKnownFileType = sourcecode.swift; path = "WantedListResponse+Mapper.swift"; sourceTree = "<group>"; };
		459865A52CBF93C300956D0D /* FBIWantedPersonUseCase.swift */ = {isa = PBXFileReference; lastKnownFileType = sourcecode.swift; path = FBIWantedPersonUseCase.swift; sourceTree = "<group>"; };
		459865AA2CC015BB00956D0D /* ImageCacheManager.swift */ = {isa = PBXFileReference; lastKnownFileType = sourcecode.swift; path = ImageCacheManager.swift; sourceTree = "<group>"; };
		459865AE2CC0160000956D0D /* ImageView.swift */ = {isa = PBXFileReference; lastKnownFileType = sourcecode.swift; path = ImageView.swift; sourceTree = "<group>"; };
		459865B22CC0265900956D0D /* AppLocalized.swift */ = {isa = PBXFileReference; lastKnownFileType = sourcecode.swift; path = AppLocalized.swift; sourceTree = "<group>"; };
		459865B42CC0274400956D0D /* ProgressViewIndicator.swift */ = {isa = PBXFileReference; lastKnownFileType = sourcecode.swift; path = ProgressViewIndicator.swift; sourceTree = "<group>"; };
		459865B72CC029DD00956D0D /* WantedListConstants.swift */ = {isa = PBXFileReference; lastKnownFileType = sourcecode.swift; path = WantedListConstants.swift; sourceTree = "<group>"; };
/* End PBXFileReference section */

/* Begin PBXFrameworksBuildPhase section */
		4575863B2CBEF125006F5207 /* Frameworks */ = {
			isa = PBXFrameworksBuildPhase;
			buildActionMask = 2147483647;
			files = (
			);
			runOnlyForDeploymentPostprocessing = 0;
		};
/* End PBXFrameworksBuildPhase section */

/* Begin PBXGroup section */
		457586352CBEF125006F5207 = {
			isa = PBXGroup;
			children = (
				457586402CBEF126006F5207 /* fbi-test */,
				4575863F2CBEF126006F5207 /* Products */,
			);
			sourceTree = "<group>";
		};
		4575863F2CBEF126006F5207 /* Products */ = {
			isa = PBXGroup;
			children = (
				4575863E2CBEF126006F5207 /* fbi-test.app */,
			);
			name = Products;
			sourceTree = "<group>";
		};
		457586402CBEF126006F5207 /* fbi-test */ = {
			isa = PBXGroup;
			children = (
				4575864F2CBEF192006F5207 /* App */,
				459865A92CC0154F00956D0D /* Storage */,
				457586522CBEF231006F5207 /* Resources */,
				459865AC2CC015CC00956D0D /* Common */,
				457586502CBEF1EF006F5207 /* Networking */,
				457586512CBEF1F6006F5207 /* ScreenModules */,
				457586472CBEF12A006F5207 /* Preview Content */,
			);
			path = "fbi-test";
			sourceTree = "<group>";
		};
		457586472CBEF12A006F5207 /* Preview Content */ = {
			isa = PBXGroup;
			children = (
				457586482CBEF12A006F5207 /* Preview Assets.xcassets */,
			);
			path = "Preview Content";
			sourceTree = "<group>";
		};
		4575864F2CBEF192006F5207 /* App */ = {
			isa = PBXGroup;
			children = (
				457586412CBEF126006F5207 /* fbi_testApp.swift */,
				457586432CBEF126006F5207 /* ContentView.swift */,
			);
			path = App;
			sourceTree = "<group>";
		};
		457586502CBEF1EF006F5207 /* Networking */ = {
			isa = PBXGroup;
			children = (
				459865992CBEF94900956D0D /* HTTPClient.swift */,
			);
			path = Networking;
			sourceTree = "<group>";
		};
		457586512CBEF1F6006F5207 /* ScreenModules */ = {
			isa = PBXGroup;
			children = (
				459865A82CC0152000956D0D /* WantedPersonList */,
			);
			path = ScreenModules;
			sourceTree = "<group>";
		};
		457586522CBEF231006F5207 /* Resources */ = {
			isa = PBXGroup;
			children = (
				457586452CBEF12A006F5207 /* Assets.xcassets */,
			);
			path = Resources;
			sourceTree = "<group>";
		};
		459865932CBEF73100956D0D /* Data */ = {
			isa = PBXGroup;
			children = (
				459865962CBEF8EE00956D0D /* DTO */,
				459865982CBEF90400956D0D /* Repositories */,
			);
			path = Data;
			sourceTree = "<group>";
		};
		459865962CBEF8EE00956D0D /* DTO */ = {
			isa = PBXGroup;
			children = (
				459865942CBEF74C00956D0D /* WantedListResponse.swift */,
				459865A32CBF8F8500956D0D /* WantedListResponse+Mapper.swift */,
			);
			path = DTO;
			sourceTree = "<group>";
		};
		459865972CBEF8FA00956D0D /* UseCases */ = {
			isa = PBXGroup;
			children = (
				459865A52CBF93C300956D0D /* FBIWantedPersonUseCase.swift */,
			);
			path = UseCases;
			sourceTree = "<group>";
		};
		459865982CBEF90400956D0D /* Repositories */ = {
			isa = PBXGroup;
			children = (
				459865A12CBF8EF400956D0D /* FBIWantedPersonRepository.swift */,
			);
			path = Repositories;
			sourceTree = "<group>";
		};
		4598659B2CBEFB2700956D0D /* Domain */ = {
			isa = PBXGroup;
			children = (
				459865B62CC0299F00956D0D /* Entities */,
				459865972CBEF8FA00956D0D /* UseCases */,
			);
			path = Domain;
			sourceTree = "<group>";
		};
		459865A72CC014A600956D0D /* Presentation */ = {
			isa = PBXGroup;
			children = (
				4598658D2CBEF40600956D0D /* WantedListView.swift */,
				459865912CBEF65F00956D0D /* WantedListViewModel.swift */,
				4598658F2CBEF46600956D0D /* WantedPersonCardView.swift */,
				459865B72CC029DD00956D0D /* WantedListConstants.swift */,
			);
			path = Presentation;
			sourceTree = "<group>";
		};
		459865A82CC0152000956D0D /* WantedPersonList */ = {
			isa = PBXGroup;
			children = (
				459865932CBEF73100956D0D /* Data */,
				4598659B2CBEFB2700956D0D /* Domain */,
				459865A72CC014A600956D0D /* Presentation */,
			);
			path = WantedPersonList;
			sourceTree = "<group>";
		};
		459865A92CC0154F00956D0D /* Storage */ = {
			isa = PBXGroup;
			children = (
				459865AA2CC015BB00956D0D /* ImageCacheManager.swift */,
			);
			path = Storage;
			sourceTree = "<group>";
		};
		459865AC2CC015CC00956D0D /* Common */ = {
			isa = PBXGroup;
			children = (
				459865B12CC0263A00956D0D /* Constants */,
				459865B02CC0261D00956D0D /* Localized */,
				459865AD2CC015E900956D0D /* Components */,
			);
			path = Common;
			sourceTree = "<group>";
		};
		459865AD2CC015E900956D0D /* Components */ = {
			isa = PBXGroup;
			children = (
				459865AE2CC0160000956D0D /* ImageView.swift */,
				459865B42CC0274400956D0D /* ProgressViewIndicator.swift */,
			);
			path = Components;
			sourceTree = "<group>";
		};
		459865B02CC0261D00956D0D /* Localized */ = {
			isa = PBXGroup;
			children = (
				459865B22CC0265900956D0D /* AppLocalized.swift */,
			);
			path = Localized;
			sourceTree = "<group>";
		};
		459865B12CC0263A00956D0D /* Constants */ = {
			isa = PBXGroup;
			children = (
			);
			path = Constants;
			sourceTree = "<group>";
		};
		459865B62CC0299F00956D0D /* Entities */ = {
			isa = PBXGroup;
			children = (
				4598659C2CBEFB3500956D0D /* WantedPersonDomain.swift */,
			);
			path = Entities;
			sourceTree = "<group>";
		};
/* End PBXGroup section */

/* Begin PBXNativeTarget section */
		4575863D2CBEF125006F5207 /* fbi-test */ = {
			isa = PBXNativeTarget;
			buildConfigurationList = 4575864C2CBEF12A006F5207 /* Build configuration list for PBXNativeTarget "fbi-test" */;
			buildPhases = (
				4575863A2CBEF125006F5207 /* Sources */,
				4575863B2CBEF125006F5207 /* Frameworks */,
				4575863C2CBEF125006F5207 /* Resources */,
			);
			buildRules = (
			);
			dependencies = (
			);
			name = "fbi-test";
			productName = "fbi-test";
			productReference = 4575863E2CBEF126006F5207 /* fbi-test.app */;
			productType = "com.apple.product-type.application";
		};
/* End PBXNativeTarget section */

/* Begin PBXProject section */
		457586362CBEF125006F5207 /* Project object */ = {
			isa = PBXProject;
			attributes = {
				BuildIndependentTargetsInParallel = 1;
				LastSwiftUpdateCheck = 1520;
				LastUpgradeCheck = 1520;
				TargetAttributes = {
					4575863D2CBEF125006F5207 = {
						CreatedOnToolsVersion = 15.2;
					};
				};
			};
			buildConfigurationList = 457586392CBEF125006F5207 /* Build configuration list for PBXProject "fbi-test" */;
			compatibilityVersion = "Xcode 14.0";
			developmentRegion = en;
			hasScannedForEncodings = 0;
			knownRegions = (
				en,
				Base,
			);
			mainGroup = 457586352CBEF125006F5207;
			productRefGroup = 4575863F2CBEF126006F5207 /* Products */;
			projectDirPath = "";
			projectRoot = "";
			targets = (
				4575863D2CBEF125006F5207 /* fbi-test */,
			);
		};
/* End PBXProject section */

/* Begin PBXResourcesBuildPhase section */
		4575863C2CBEF125006F5207 /* Resources */ = {
			isa = PBXResourcesBuildPhase;
			buildActionMask = 2147483647;
			files = (
				457586492CBEF12A006F5207 /* Preview Assets.xcassets in Resources */,
				457586462CBEF12A006F5207 /* Assets.xcassets in Resources */,
			);
			runOnlyForDeploymentPostprocessing = 0;
		};
/* End PBXResourcesBuildPhase section */

/* Begin PBXSourcesBuildPhase section */
		4575863A2CBEF125006F5207 /* Sources */ = {
			isa = PBXSourcesBuildPhase;
			buildActionMask = 2147483647;
			files = (
				459865B82CC029DD00956D0D /* WantedListConstants.swift in Sources */,
				459865A42CBF8F8500956D0D /* WantedListResponse+Mapper.swift in Sources */,
				459865902CBEF46600956D0D /* WantedPersonCardView.swift in Sources */,
				457586442CBEF126006F5207 /* ContentView.swift in Sources */,
				459865922CBEF65F00956D0D /* WantedListViewModel.swift in Sources */,
				459865AF2CC0160000956D0D /* ImageView.swift in Sources */,
				459865B32CC0265900956D0D /* AppLocalized.swift in Sources */,
				459865A62CBF93C300956D0D /* FBIWantedPersonUseCase.swift in Sources */,
				4598659D2CBEFB3500956D0D /* WantedPersonDomain.swift in Sources */,
				4598659A2CBEF94900956D0D /* HTTPClient.swift in Sources */,
				459865952CBEF74C00956D0D /* WantedListResponse.swift in Sources */,
				459865AB2CC015BB00956D0D /* ImageCacheManager.swift in Sources */,
				459865A22CBF8EF400956D0D /* FBIWantedPersonRepository.swift in Sources */,
				4598658E2CBEF40600956D0D /* WantedListView.swift in Sources */,
				457586422CBEF126006F5207 /* fbi_testApp.swift in Sources */,
				459865B52CC0274400956D0D /* ProgressViewIndicator.swift in Sources */,
			);
			runOnlyForDeploymentPostprocessing = 0;
		};
/* End PBXSourcesBuildPhase section */

/* Begin XCBuildConfiguration section */
		4575864A2CBEF12A006F5207 /* Debug */ = {
			isa = XCBuildConfiguration;
			buildSettings = {
				ALWAYS_SEARCH_USER_PATHS = NO;
				ASSETCATALOG_COMPILER_GENERATE_SWIFT_ASSET_SYMBOL_EXTENSIONS = YES;
				CLANG_ANALYZER_NONNULL = YES;
				CLANG_ANALYZER_NUMBER_OBJECT_CONVERSION = YES_AGGRESSIVE;
				CLANG_CXX_LANGUAGE_STANDARD = "gnu++20";
				CLANG_ENABLE_MODULES = YES;
				CLANG_ENABLE_OBJC_ARC = YES;
				CLANG_ENABLE_OBJC_WEAK = YES;
				CLANG_WARN_BLOCK_CAPTURE_AUTORELEASING = YES;
				CLANG_WARN_BOOL_CONVERSION = YES;
				CLANG_WARN_COMMA = YES;
				CLANG_WARN_CONSTANT_CONVERSION = YES;
				CLANG_WARN_DEPRECATED_OBJC_IMPLEMENTATIONS = YES;
				CLANG_WARN_DIRECT_OBJC_ISA_USAGE = YES_ERROR;
				CLANG_WARN_DOCUMENTATION_COMMENTS = YES;
				CLANG_WARN_EMPTY_BODY = YES;
				CLANG_WARN_ENUM_CONVERSION = YES;
				CLANG_WARN_INFINITE_RECURSION = YES;
				CLANG_WARN_INT_CONVERSION = YES;
				CLANG_WARN_NON_LITERAL_NULL_CONVERSION = YES;
				CLANG_WARN_OBJC_IMPLICIT_RETAIN_SELF = YES;
				CLANG_WARN_OBJC_LITERAL_CONVERSION = YES;
				CLANG_WARN_OBJC_ROOT_CLASS = YES_ERROR;
				CLANG_WARN_QUOTED_INCLUDE_IN_FRAMEWORK_HEADER = YES;
				CLANG_WARN_RANGE_LOOP_ANALYSIS = YES;
				CLANG_WARN_STRICT_PROTOTYPES = YES;
				CLANG_WARN_SUSPICIOUS_MOVE = YES;
				CLANG_WARN_UNGUARDED_AVAILABILITY = YES_AGGRESSIVE;
				CLANG_WARN_UNREACHABLE_CODE = YES;
				CLANG_WARN__DUPLICATE_METHOD_MATCH = YES;
				COPY_PHASE_STRIP = NO;
				DEBUG_INFORMATION_FORMAT = dwarf;
				ENABLE_STRICT_OBJC_MSGSEND = YES;
				ENABLE_TESTABILITY = YES;
				ENABLE_USER_SCRIPT_SANDBOXING = YES;
				GCC_C_LANGUAGE_STANDARD = gnu17;
				GCC_DYNAMIC_NO_PIC = NO;
				GCC_NO_COMMON_BLOCKS = YES;
				GCC_OPTIMIZATION_LEVEL = 0;
				GCC_PREPROCESSOR_DEFINITIONS = (
					"DEBUG=1",
					"$(inherited)",
				);
				GCC_WARN_64_TO_32_BIT_CONVERSION = YES;
				GCC_WARN_ABOUT_RETURN_TYPE = YES_ERROR;
				GCC_WARN_UNDECLARED_SELECTOR = YES;
				GCC_WARN_UNINITIALIZED_AUTOS = YES_AGGRESSIVE;
				GCC_WARN_UNUSED_FUNCTION = YES;
				GCC_WARN_UNUSED_VARIABLE = YES;
				IPHONEOS_DEPLOYMENT_TARGET = 17.2;
				LOCALIZATION_PREFERS_STRING_CATALOGS = YES;
				MTL_ENABLE_DEBUG_INFO = INCLUDE_SOURCE;
				MTL_FAST_MATH = YES;
				ONLY_ACTIVE_ARCH = YES;
				SDKROOT = iphoneos;
				SWIFT_ACTIVE_COMPILATION_CONDITIONS = "DEBUG $(inherited)";
				SWIFT_OPTIMIZATION_LEVEL = "-Onone";
			};
			name = Debug;
		};
		4575864B2CBEF12A006F5207 /* Release */ = {
			isa = XCBuildConfiguration;
			buildSettings = {
				ALWAYS_SEARCH_USER_PATHS = NO;
				ASSETCATALOG_COMPILER_GENERATE_SWIFT_ASSET_SYMBOL_EXTENSIONS = YES;
				CLANG_ANALYZER_NONNULL = YES;
				CLANG_ANALYZER_NUMBER_OBJECT_CONVERSION = YES_AGGRESSIVE;
				CLANG_CXX_LANGUAGE_STANDARD = "gnu++20";
				CLANG_ENABLE_MODULES = YES;
				CLANG_ENABLE_OBJC_ARC = YES;
				CLANG_ENABLE_OBJC_WEAK = YES;
				CLANG_WARN_BLOCK_CAPTURE_AUTORELEASING = YES;
				CLANG_WARN_BOOL_CONVERSION = YES;
				CLANG_WARN_COMMA = YES;
				CLANG_WARN_CONSTANT_CONVERSION = YES;
				CLANG_WARN_DEPRECATED_OBJC_IMPLEMENTATIONS = YES;
				CLANG_WARN_DIRECT_OBJC_ISA_USAGE = YES_ERROR;
				CLANG_WARN_DOCUMENTATION_COMMENTS = YES;
				CLANG_WARN_EMPTY_BODY = YES;
				CLANG_WARN_ENUM_CONVERSION = YES;
				CLANG_WARN_INFINITE_RECURSION = YES;
				CLANG_WARN_INT_CONVERSION = YES;
				CLANG_WARN_NON_LITERAL_NULL_CONVERSION = YES;
				CLANG_WARN_OBJC_IMPLICIT_RETAIN_SELF = YES;
				CLANG_WARN_OBJC_LITERAL_CONVERSION = YES;
				CLANG_WARN_OBJC_ROOT_CLASS = YES_ERROR;
				CLANG_WARN_QUOTED_INCLUDE_IN_FRAMEWORK_HEADER = YES;
				CLANG_WARN_RANGE_LOOP_ANALYSIS = YES;
				CLANG_WARN_STRICT_PROTOTYPES = YES;
				CLANG_WARN_SUSPICIOUS_MOVE = YES;
				CLANG_WARN_UNGUARDED_AVAILABILITY = YES_AGGRESSIVE;
				CLANG_WARN_UNREACHABLE_CODE = YES;
				CLANG_WARN__DUPLICATE_METHOD_MATCH = YES;
				COPY_PHASE_STRIP = NO;
				DEBUG_INFORMATION_FORMAT = "dwarf-with-dsym";
				ENABLE_NS_ASSERTIONS = NO;
				ENABLE_STRICT_OBJC_MSGSEND = YES;
				ENABLE_USER_SCRIPT_SANDBOXING = YES;
				GCC_C_LANGUAGE_STANDARD = gnu17;
				GCC_NO_COMMON_BLOCKS = YES;
				GCC_WARN_64_TO_32_BIT_CONVERSION = YES;
				GCC_WARN_ABOUT_RETURN_TYPE = YES_ERROR;
				GCC_WARN_UNDECLARED_SELECTOR = YES;
				GCC_WARN_UNINITIALIZED_AUTOS = YES_AGGRESSIVE;
				GCC_WARN_UNUSED_FUNCTION = YES;
				GCC_WARN_UNUSED_VARIABLE = YES;
				IPHONEOS_DEPLOYMENT_TARGET = 17.2;
				LOCALIZATION_PREFERS_STRING_CATALOGS = YES;
				MTL_ENABLE_DEBUG_INFO = NO;
				MTL_FAST_MATH = YES;
				SDKROOT = iphoneos;
				SWIFT_COMPILATION_MODE = wholemodule;
				VALIDATE_PRODUCT = YES;
			};
			name = Release;
		};
		4575864D2CBEF12A006F5207 /* Debug */ = {
			isa = XCBuildConfiguration;
			buildSettings = {
				ASSETCATALOG_COMPILER_APPICON_NAME = AppIcon;
				ASSETCATALOG_COMPILER_GLOBAL_ACCENT_COLOR_NAME = AccentColor;
				CODE_SIGN_STYLE = Automatic;
				CURRENT_PROJECT_VERSION = 1;
				DEVELOPMENT_ASSET_PATHS = "\"fbi-test/Preview Content\"";
				ENABLE_PREVIEWS = YES;
				GENERATE_INFOPLIST_FILE = YES;
				INFOPLIST_KEY_UIApplicationSceneManifest_Generation = YES;
				INFOPLIST_KEY_UIApplicationSupportsIndirectInputEvents = YES;
				INFOPLIST_KEY_UILaunchScreen_Generation = YES;
				INFOPLIST_KEY_UISupportedInterfaceOrientations_iPad = "UIInterfaceOrientationPortrait UIInterfaceOrientationPortraitUpsideDown UIInterfaceOrientationLandscapeLeft UIInterfaceOrientationLandscapeRight";
				INFOPLIST_KEY_UISupportedInterfaceOrientations_iPhone = "UIInterfaceOrientationPortrait UIInterfaceOrientationLandscapeLeft UIInterfaceOrientationLandscapeRight";
				LD_RUNPATH_SEARCH_PATHS = (
					"$(inherited)",
					"@executable_path/Frameworks",
				);
				MARKETING_VERSION = 1.0;
				PRODUCT_BUNDLE_IDENTIFIER = "com.luiszarg.fbi-test";
				PRODUCT_NAME = "$(TARGET_NAME)";
				SWIFT_EMIT_LOC_STRINGS = YES;
				SWIFT_VERSION = 5.0;
				TARGETED_DEVICE_FAMILY = "1,2";
			};
			name = Debug;
		};
		4575864E2CBEF12A006F5207 /* Release */ = {
			isa = XCBuildConfiguration;
			buildSettings = {
				ASSETCATALOG_COMPILER_APPICON_NAME = AppIcon;
				ASSETCATALOG_COMPILER_GLOBAL_ACCENT_COLOR_NAME = AccentColor;
				CODE_SIGN_STYLE = Automatic;
				CURRENT_PROJECT_VERSION = 1;
				DEVELOPMENT_ASSET_PATHS = "\"fbi-test/Preview Content\"";
				ENABLE_PREVIEWS = YES;
				GENERATE_INFOPLIST_FILE = YES;
				INFOPLIST_KEY_UIApplicationSceneManifest_Generation = YES;
				INFOPLIST_KEY_UIApplicationSupportsIndirectInputEvents = YES;
				INFOPLIST_KEY_UILaunchScreen_Generation = YES;
				INFOPLIST_KEY_UISupportedInterfaceOrientations_iPad = "UIInterfaceOrientationPortrait UIInterfaceOrientationPortraitUpsideDown UIInterfaceOrientationLandscapeLeft UIInterfaceOrientationLandscapeRight";
				INFOPLIST_KEY_UISupportedInterfaceOrientations_iPhone = "UIInterfaceOrientationPortrait UIInterfaceOrientationLandscapeLeft UIInterfaceOrientationLandscapeRight";
				LD_RUNPATH_SEARCH_PATHS = (
					"$(inherited)",
					"@executable_path/Frameworks",
				);
				MARKETING_VERSION = 1.0;
				PRODUCT_BUNDLE_IDENTIFIER = "com.luiszarg.fbi-test";
				PRODUCT_NAME = "$(TARGET_NAME)";
				SWIFT_EMIT_LOC_STRINGS = YES;
				SWIFT_VERSION = 5.0;
				TARGETED_DEVICE_FAMILY = "1,2";
			};
			name = Release;
		};
/* End XCBuildConfiguration section */

/* Begin XCConfigurationList section */
		457586392CBEF125006F5207 /* Build configuration list for PBXProject "fbi-test" */ = {
			isa = XCConfigurationList;
			buildConfigurations = (
				4575864A2CBEF12A006F5207 /* Debug */,
				4575864B2CBEF12A006F5207 /* Release */,
			);
			defaultConfigurationIsVisible = 0;
			defaultConfigurationName = Release;
		};
		4575864C2CBEF12A006F5207 /* Build configuration list for PBXNativeTarget "fbi-test" */ = {
			isa = XCConfigurationList;
			buildConfigurations = (
				4575864D2CBEF12A006F5207 /* Debug */,
				4575864E2CBEF12A006F5207 /* Release */,
			);
			defaultConfigurationIsVisible = 0;
			defaultConfigurationName = Release;
		};
/* End XCConfigurationList section */
	};
	rootObject = 457586362CBEF125006F5207 /* Project object */;
}
